{
    "version": 3,
    "terraform_version": "0.11.10",
    "serial": 7,
    "lineage": "d6d5624b-3bee-af07-ddfa-de8334b0100a",
    "modules": [
        {
            "path": [
                "root"
            ],
            "outputs": {},
            "resources": {
                "aws_instance.db_server": {
                    "type": "aws_instance",
                    "depends_on": [
                        "aws_key_pair.default",
                        "aws_security_group.sg_db",
                        "aws_subnet.private_subnet"
                    ],
                    "primary": {
                        "id": "i-05f72e509c03a31b6",
                        "attributes": {
                            "ami": "ami-0096a7a7add65af89",
                            "arn": "arn:aws:ec2:ap-southeast-2:747749452819:instance/i-05f72e509c03a31b6",
                            "associate_public_ip_address": "false",
                            "availability_zone": "ap-southeast-2b",
                            "cpu_core_count": "1",
                            "cpu_threads_per_core": "1",
                            "credit_specification.#": "1",
                            "credit_specification.0.cpu_credits": "standard",
                            "disable_api_termination": "false",
                            "ebs_block_device.#": "0",
                            "ebs_optimized": "false",
                            "ephemeral_block_device.#": "0",
                            "get_password_data": "false",
                            "iam_instance_profile": "",
                            "id": "i-05f72e509c03a31b6",
                            "instance_state": "running",
                            "instance_type": "t2.micro",
                            "ipv6_addresses.#": "0",
                            "key_name": "testkeypair",
                            "monitoring": "false",
                            "network_interface.#": "0",
                            "network_interface_id": "eni-01db20420e5ff15c3",
                            "password_data": "",
                            "placement_group": "",
                            "primary_network_interface_id": "eni-01db20420e5ff15c3",
                            "private_dns": "ip-10-0-2-124.ap-southeast-2.compute.internal",
                            "private_ip": "10.0.2.124",
                            "public_dns": "",
                            "public_ip": "",
                            "root_block_device.#": "1",
                            "root_block_device.0.delete_on_termination": "true",
                            "root_block_device.0.iops": "100",
                            "root_block_device.0.volume_id": "vol-063065d5aa0ef5a1b",
                            "root_block_device.0.volume_size": "30",
                            "root_block_device.0.volume_type": "gp2",
                            "security_groups.#": "0",
                            "source_dest_check": "false",
                            "subnet_id": "subnet-027f8c98aadfd1045",
                            "tags.%": "1",
                            "tags.Name": "database server",
                            "tenancy": "default",
                            "volume_tags.%": "0",
                            "vpc_security_group_ids.#": "1",
                            "vpc_security_group_ids.3419732554": "sg-0e9192cbf4dcc01ba"
                        },
                        "meta": {
                            "e2bfb730-ecaa-11e6-8f88-34363bc7c4c0": {
                                "create": 600000000000,
                                "delete": 1200000000000,
                                "update": 600000000000
                            },
                            "schema_version": "1"
                        },
                        "tainted": false
                    },
                    "deposed": [],
                    "provider": "provider.aws"
                },
                "aws_instance.web_server": {
                    "type": "aws_instance",
                    "depends_on": [
                        "aws_key_pair.default",
                        "aws_security_group.sg_web",
                        "aws_subnet.public-subnet"
                    ],
                    "primary": {
                        "id": "i-01189e23df2f3301b",
                        "attributes": {
                            "ami": "ami-0096a7a7add65af89",
                            "arn": "arn:aws:ec2:ap-southeast-2:747749452819:instance/i-01189e23df2f3301b",
                            "associate_public_ip_address": "true",
                            "availability_zone": "ap-southeast-2a",
                            "cpu_core_count": "1",
                            "cpu_threads_per_core": "1",
                            "credit_specification.#": "1",
                            "credit_specification.0.cpu_credits": "standard",
                            "disable_api_termination": "false",
                            "ebs_block_device.#": "0",
                            "ebs_optimized": "false",
                            "ephemeral_block_device.#": "0",
                            "get_password_data": "false",
                            "iam_instance_profile": "",
                            "id": "i-01189e23df2f3301b",
                            "instance_state": "running",
                            "instance_type": "t2.micro",
                            "ipv6_addresses.#": "0",
                            "key_name": "testkeypair",
                            "monitoring": "false",
                            "network_interface.#": "0",
                            "network_interface_id": "eni-0e1562c4a6161f554",
                            "password_data": "",
                            "placement_group": "",
                            "primary_network_interface_id": "eni-0e1562c4a6161f554",
                            "private_dns": "ip-10-0-1-22.ap-southeast-2.compute.internal",
                            "private_ip": "10.0.1.22",
                            "public_dns": "ec2-54-252-215-183.ap-southeast-2.compute.amazonaws.com",
                            "public_ip": "54.252.215.183",
                            "root_block_device.#": "1",
                            "root_block_device.0.delete_on_termination": "true",
                            "root_block_device.0.iops": "100",
                            "root_block_device.0.volume_id": "vol-016c404eb210da2f4",
                            "root_block_device.0.volume_size": "30",
                            "root_block_device.0.volume_type": "gp2",
                            "security_groups.#": "0",
                            "source_dest_check": "false",
                            "subnet_id": "subnet-02ffa940e105f465b",
                            "tags.%": "1",
                            "tags.Name": "web server",
                            "tenancy": "default",
                            "volume_tags.%": "0",
                            "vpc_security_group_ids.#": "1",
                            "vpc_security_group_ids.3111475890": "sg-0a465beb6003f2d2c"
                        },
                        "meta": {
                            "e2bfb730-ecaa-11e6-8f88-34363bc7c4c0": {
                                "create": 600000000000,
                                "delete": 1200000000000,
                                "update": 600000000000
                            },
                            "schema_version": "1"
                        },
                        "tainted": false
                    },
                    "deposed": [],
                    "provider": "provider.aws"
                },
                "aws_internet_gateway.int_gw": {
                    "type": "aws_internet_gateway",
                    "depends_on": [
                        "aws_vpc.default"
                    ],
                    "primary": {
                        "id": "igw-03ef7ba7e0d8d6263",
                        "attributes": {
                            "id": "igw-03ef7ba7e0d8d6263",
                            "tags.%": "1",
                            "tags.Name": "VPC IGW",
                            "vpc_id": "vpc-071b98bbb89d77b9a"
                        },
                        "meta": {},
                        "tainted": false
                    },
                    "deposed": [],
                    "provider": "provider.aws"
                },
                "aws_key_pair.default": {
                    "type": "aws_key_pair",
                    "depends_on": [],
                    "primary": {
                        "id": "testkeypair",
                        "attributes": {
                            "fingerprint": "3c:cf:8c:1b:04:df:e4:3e:30:53:29:de:ae:5c:b1:d5",
                            "id": "testkeypair",
                            "key_name": "testkeypair",
                            "public_key": "---- BEGIN SSH2 PUBLIC KEY ----\r\nComment: \"rsa-key-20181112\"\r\nAAAAB3NzaC1yc2EAAAABJQAAAQEAlLh26dPsQ1Hzyjb52I3GKfWsx1oYxdR4GUmR\r\nd4fa8K6S/SvrJMQ6AcsE9BvpdJo00mwVynO6CCe7zf8Cmnu/QJ86kAvbgpORryFS\r\n77qXcyh9w1eay9DdRp8BMhsxeNXszfDiIs7gJeCaQo5vpoSFmml0509a1FDsPcEU\r\n+V+IHvDZ+MQjwxtfsM8BZPq/tYG9tRmEi21bjkwB0zW+BQfJfVrEQq34LoeYOZhh\r\n8TBtcBBAEYKChtb74tPXPXDnW4FlgRzvzeUVcJ828m6sdL6MB4ViZbh50QThgMLO\r\nCSBecExz9Y5eSMwa/MuY3/pxsMXuBhaRR5qHL3tVisVS9M70EQ==\r\n---- END SSH2 PUBLIC KEY ----"
                        },
                        "meta": {
                            "schema_version": "1"
                        },
                        "tainted": false
                    },
                    "deposed": [],
                    "provider": "provider.aws"
                },
                "aws_route_table.web-public-rt": {
                    "type": "aws_route_table",
                    "depends_on": [
                        "aws_internet_gateway.int_gw",
                        "aws_vpc.default"
                    ],
                    "primary": {
                        "id": "rtb-0d14fb4920e00188a",
                        "attributes": {
                            "id": "rtb-0d14fb4920e00188a",
                            "propagating_vgws.#": "0",
                            "route.#": "1",
                            "route.2801834469.cidr_block": "0.0.0.0/0",
                            "route.2801834469.egress_only_gateway_id": "",
                            "route.2801834469.gateway_id": "igw-03ef7ba7e0d8d6263",
                            "route.2801834469.instance_id": "",
                            "route.2801834469.ipv6_cidr_block": "",
                            "route.2801834469.nat_gateway_id": "",
                            "route.2801834469.network_interface_id": "",
                            "route.2801834469.vpc_peering_connection_id": "",
                            "tags.%": "1",
                            "tags.Name": "Public Subnet RT",
                            "vpc_id": "vpc-071b98bbb89d77b9a"
                        },
                        "meta": {},
                        "tainted": false
                    },
                    "deposed": [],
                    "provider": "provider.aws"
                },
                "aws_route_table_association.web-public-rt": {
                    "type": "aws_route_table_association",
                    "depends_on": [
                        "aws_route_table.web-public-rt",
                        "aws_subnet.public-subnet"
                    ],
                    "primary": {
                        "id": "rtbassoc-0c0765bd49e276e53",
                        "attributes": {
                            "id": "rtbassoc-0c0765bd49e276e53",
                            "route_table_id": "rtb-0d14fb4920e00188a",
                            "subnet_id": "subnet-02ffa940e105f465b"
                        },
                        "meta": {},
                        "tainted": false
                    },
                    "deposed": [],
                    "provider": "provider.aws"
                },
                "aws_security_group.sg_db": {
                    "type": "aws_security_group",
                    "depends_on": [
                        "aws_vpc.default"
                    ],
                    "primary": {
                        "id": "sg-0e9192cbf4dcc01ba",
                        "attributes": {
                            "arn": "arn:aws:ec2:ap-southeast-2:747749452819:security-group/sg-0e9192cbf4dcc01ba",
                            "description": "Allow traffic from public subnet",
                            "egress.#": "0",
                            "id": "sg-0e9192cbf4dcc01ba",
                            "ingress.#": "0",
                            "name": "sg_test_web",
                            "owner_id": "747749452819",
                            "revoke_rules_on_delete": "false",
                            "tags.%": "1",
                            "tags.Name": "DB SG",
                            "vpc_id": "vpc-071b98bbb89d77b9a"
                        },
                        "meta": {
                            "e2bfb730-ecaa-11e6-8f88-34363bc7c4c0": {
                                "create": 600000000000,
                                "delete": 600000000000
                            },
                            "schema_version": "1"
                        },
                        "tainted": false
                    },
                    "deposed": [],
                    "provider": "provider.aws"
                },
                "aws_security_group.sg_web": {
                    "type": "aws_security_group",
                    "depends_on": [
                        "aws_vpc.default"
                    ],
                    "primary": {
                        "id": "sg-0a465beb6003f2d2c",
                        "attributes": {
                            "arn": "arn:aws:ec2:ap-southeast-2:747749452819:security-group/sg-0a465beb6003f2d2c",
                            "description": "Allow incoming HTTP connection \u0026 RDP access",
                            "egress.#": "0",
                            "id": "sg-0a465beb6003f2d2c",
                            "ingress.#": "3",
                            "ingress.1799340084.cidr_blocks.#": "1",
                            "ingress.1799340084.cidr_blocks.0": "0.0.0.0/0",
                            "ingress.1799340084.description": "",
                            "ingress.1799340084.from_port": "-1",
                            "ingress.1799340084.ipv6_cidr_blocks.#": "0",
                            "ingress.1799340084.prefix_list_ids.#": "0",
                            "ingress.1799340084.protocol": "icmp",
                            "ingress.1799340084.security_groups.#": "0",
                            "ingress.1799340084.self": "false",
                            "ingress.1799340084.to_port": "-1",
                            "ingress.2214680975.cidr_blocks.#": "1",
                            "ingress.2214680975.cidr_blocks.0": "0.0.0.0/0",
                            "ingress.2214680975.description": "",
                            "ingress.2214680975.from_port": "80",
                            "ingress.2214680975.ipv6_cidr_blocks.#": "0",
                            "ingress.2214680975.prefix_list_ids.#": "0",
                            "ingress.2214680975.protocol": "tcp",
                            "ingress.2214680975.security_groups.#": "0",
                            "ingress.2214680975.self": "false",
                            "ingress.2214680975.to_port": "80",
                            "ingress.2223400681.cidr_blocks.#": "1",
                            "ingress.2223400681.cidr_blocks.0": "0.0.0.0/0",
                            "ingress.2223400681.description": "",
                            "ingress.2223400681.from_port": "3389",
                            "ingress.2223400681.ipv6_cidr_blocks.#": "0",
                            "ingress.2223400681.prefix_list_ids.#": "0",
                            "ingress.2223400681.protocol": "tcp",
                            "ingress.2223400681.security_groups.#": "0",
                            "ingress.2223400681.self": "false",
                            "ingress.2223400681.to_port": "3389",
                            "name": "vpc_test_web",
                            "owner_id": "747749452819",
                            "revoke_rules_on_delete": "false",
                            "tags.%": "1",
                            "tags.Name": "Web Server SG",
                            "vpc_id": "vpc-071b98bbb89d77b9a"
                        },
                        "meta": {
                            "e2bfb730-ecaa-11e6-8f88-34363bc7c4c0": {
                                "create": 600000000000,
                                "delete": 600000000000
                            },
                            "schema_version": "1"
                        },
                        "tainted": false
                    },
                    "deposed": [],
                    "provider": "provider.aws"
                },
                "aws_subnet.private_subnet": {
                    "type": "aws_subnet",
                    "depends_on": [
                        "aws_vpc.default"
                    ],
                    "primary": {
                        "id": "subnet-027f8c98aadfd1045",
                        "attributes": {
                            "arn": "arn:aws:ec2:ap-southeast-2:747749452819:subnet/subnet-027f8c98aadfd1045",
                            "assign_ipv6_address_on_creation": "false",
                            "availability_zone": "ap-southeast-2b",
                            "cidr_block": "10.0.2.0/24",
                            "id": "subnet-027f8c98aadfd1045",
                            "map_public_ip_on_launch": "false",
                            "tags.%": "1",
                            "tags.Name": "Database Private Subnet",
                            "vpc_id": "vpc-071b98bbb89d77b9a"
                        },
                        "meta": {
                            "e2bfb730-ecaa-11e6-8f88-34363bc7c4c0": {
                                "create": 600000000000,
                                "delete": 600000000000
                            },
                            "schema_version": "1"
                        },
                        "tainted": false
                    },
                    "deposed": [],
                    "provider": "provider.aws"
                },
                "aws_subnet.public-subnet": {
                    "type": "aws_subnet",
                    "depends_on": [
                        "aws_vpc.default"
                    ],
                    "primary": {
                        "id": "subnet-02ffa940e105f465b",
                        "attributes": {
                            "arn": "arn:aws:ec2:ap-southeast-2:747749452819:subnet/subnet-02ffa940e105f465b",
                            "assign_ipv6_address_on_creation": "false",
                            "availability_zone": "ap-southeast-2a",
                            "cidr_block": "10.0.1.0/24",
                            "id": "subnet-02ffa940e105f465b",
                            "map_public_ip_on_launch": "false",
                            "tags.%": "1",
                            "tags.Name": "Web Public Subnet",
                            "vpc_id": "vpc-071b98bbb89d77b9a"
                        },
                        "meta": {
                            "e2bfb730-ecaa-11e6-8f88-34363bc7c4c0": {
                                "create": 600000000000,
                                "delete": 600000000000
                            },
                            "schema_version": "1"
                        },
                        "tainted": false
                    },
                    "deposed": [],
                    "provider": "provider.aws"
                },
                "aws_vpc.default": {
                    "type": "aws_vpc",
                    "depends_on": [],
                    "primary": {
                        "id": "vpc-071b98bbb89d77b9a",
                        "attributes": {
                            "arn": "arn:aws:ec2:ap-southeast-2:747749452819:vpc/vpc-071b98bbb89d77b9a",
                            "assign_generated_ipv6_cidr_block": "false",
                            "cidr_block": "10.0.0.0/16",
                            "default_network_acl_id": "acl-00e2d3389d34d0fd2",
                            "default_route_table_id": "rtb-07b6d50f1122f563b",
                            "default_security_group_id": "sg-046e24e2999a36320",
                            "dhcp_options_id": "dopt-fe215199",
                            "enable_classiclink": "false",
                            "enable_classiclink_dns_support": "false",
                            "enable_dns_hostnames": "true",
                            "enable_dns_support": "true",
                            "id": "vpc-071b98bbb89d77b9a",
                            "instance_tenancy": "default",
                            "ipv6_association_id": "",
                            "ipv6_cidr_block": "",
                            "main_route_table_id": "rtb-07b6d50f1122f563b",
                            "tags.%": "1",
                            "tags.Name": "test-vpc"
                        },
                        "meta": {
                            "schema_version": "1"
                        },
                        "tainted": false
                    },
                    "deposed": [],
                    "provider": "provider.aws"
                }
            },
            "depends_on": []
        }
    ]
}
